
Microsoft Visual Studio Solution File, Format Version 12.00
# Visual Studio Version 17
VisualStudioVersion = 17.3.32929.385
MinimumVisualStudioVersion = 10.0.40219.1
Project("{FAE04EC0-301F-11D3-BF4B-00C04F79EFBC}") = "NechetniSreshtaniya", "NechetniSreshtaniya\NechetniSreshtaniya.csproj", "{617BE4C2-2ACD-4463-8B9D-E75652785F78}"
EndProject
Project("{FAE04EC0-301F-11D3-BF4B-00C04F79EFBC}") = "TelefonenUkazatel", "TelefonenUkazatel\TelefonenUkazatel.csproj", "{4369FA33-4CFD-4281-9EEB-4BE434BE3D2E}"
EndProject
Global
	GlobalSection(SolutionConfigurationPlatforms) = preSolution
		Debug|Any CPU = Debug|Any CPU
		Release|Any CPU = Release|Any CPU
	EndGlobalSection
	GlobalSection(ProjectConfigurationPlatforms) = postSolution
		{617BE4C2-2ACD-4463-8B9D-E75652785F78}.Debug|Any CPU.ActiveCfg = Debug|Any CPU
		{617BE4C2-2ACD-4463-8B9D-E75652785F78}.Debug|Any CPU.Build.0 = Debug|Any CPU
		{617BE4C2-2ACD-4463-8B9D-E75652785F78}.Release|Any CPU.ActiveCfg = Release|Any CPU
		{617BE4C2-2ACD-4463-8B9D-E75652785F78}.Release|Any CPU.Build.0 = Release|Any CPU
		{4369FA33-4CFD-4281-9EEB-4BE434BE3D2E}.Debug|Any CPU.ActiveCfg = Debug|Any CPU
		{4369FA33-4CFD-4281-9EEB-4BE434BE3D2E}.Debug|Any CPU.Build.0 = Debug|Any CPU
		{4369FA33-4CFD-4281-9EEB-4BE434BE3D2E}.Release|Any CPU.ActiveCfg = Release|Any CPU
		{4369FA33-4CFD-4281-9EEB-4BE434BE3D2E}.Release|Any CPU.Build.0 = Release|Any CPU
	EndGlobalSection
	GlobalSection(SolutionProperties) = preSolution
		HideSolutionNode = FALSE
	EndGlobalSection
	GlobalSection(ExtensibilityGlobals) = postSolution
		SolutionGuid = {DD1804FC-8524-462D-86E2-5B80D98066BD}
	EndGlobalSection
EndGlobal
